PODS:
  - MCPageViewController (3.8):
    - SnapKit
  - MJRefresh (3.1.16)
  - SnapKit (4.2.0)

DEPENDENCIES:
  - MCPageViewController (from `../`)
  - MJRefresh
  - SnapKit

SPEC REPOS:
  https://github.com/cocoapods/specs.git:
    - MJRefresh
    - SnapKit

EXTERNAL SOURCES:
  MCPageViewController:
    :path: "../"

SPEC CHECKSUMS:
  MCPageViewController: 15388a8262afb8060643f672029b723339817383
  MJRefresh: 7798e16e53a5ef7f332dd05b27664db4e29530fd
  SnapKit: fe8a619752f3f27075cc9a90244d75c6c3f27e2a

PODFILE CHECKSUM: 537920ee5303ec79a50c30cbd4497a132ac97528

COCOAPODS: 1.6.1
